
Microsoft Visual Studio Solution File, Format Version 12.00
# Visual Studio Version 16
VisualStudioVersion = 16.0.31624.102
MinimumVisualStudioVersion = 10.0.40219.1
Project("{FAE04EC0-301F-11D3-BF4B-00C04F79EFBC}") = "Classroom", "Classroom\Classroom.csproj", "{E645E952-40C7-4259-9706-C2F40AC8073E}"
EndProject
Project("{FAE04EC0-301F-11D3-BF4B-00C04F79EFBC}") = "13.01 Persons", "13.01 Persons\13.01 Persons.csproj", "{CDF075BF-6EB8-4500-A975-6A14EAF0C923}"
EndProject
Project("{FAE04EC0-301F-11D3-BF4B-00C04F79EFBC}") = "13.02 Mathematics", "13.02 - Mathematics\13.02 Mathematics.csproj", "{93A4BA72-F967-489A-B6BA-F7201E4C1F7F}"
EndProject
Project("{FAE04EC0-301F-11D3-BF4B-00C04F79EFBC}") = "13.03 - ClassDiagram", "13.03 - ClassDiagram\13.03 - ClassDiagram.csproj", "{418902DF-BC6F-4CC5-9C79-D553D74D9EF8}"
EndProject
Project("{FAE04EC0-301F-11D3-BF4B-00C04F79EFBC}") = "13.04 - Animal", "13.04 - Animal\13.04 - Animal.csproj", "{2DE7DA58-CEE2-4BE1-831D-463DC3CD0F06}"
EndProject
Project("{FAE04EC0-301F-11D3-BF4B-00C04F79EFBC}") = "ArkOfNoah - 14.03", "ArkOfNoah - 14.03\ArkOfNoah - 14.03.csproj", "{8C866223-0396-4E69-8595-71330C7CD6EA}"
EndProject
Project("{FAE04EC0-301F-11D3-BF4B-00C04F79EFBC}") = "14.01 - TryoutSomeStuff - Tutorial", "14.01 - TryoutSomeStuff - Tutorial\14.01 - TryoutSomeStuff - Tutorial.csproj", "{6746519E-7B1D-4AA3-8637-3BB8B038AD8A}"
EndProject
Project("{FAE04EC0-301F-11D3-BF4B-00C04F79EFBC}") = "ExtraExerciseList", "ExtraExerciseList\ExtraExerciseList.csproj", "{0D621DBC-28D7-4465-B713-A605494CA96B}"
EndProject
Global
	GlobalSection(SolutionConfigurationPlatforms) = preSolution
		Debug|Any CPU = Debug|Any CPU
		Release|Any CPU = Release|Any CPU
	EndGlobalSection
	GlobalSection(ProjectConfigurationPlatforms) = postSolution
		{E645E952-40C7-4259-9706-C2F40AC8073E}.Debug|Any CPU.ActiveCfg = Debug|Any CPU
		{E645E952-40C7-4259-9706-C2F40AC8073E}.Debug|Any CPU.Build.0 = Debug|Any CPU
		{E645E952-40C7-4259-9706-C2F40AC8073E}.Release|Any CPU.ActiveCfg = Release|Any CPU
		{E645E952-40C7-4259-9706-C2F40AC8073E}.Release|Any CPU.Build.0 = Release|Any CPU
		{CDF075BF-6EB8-4500-A975-6A14EAF0C923}.Debug|Any CPU.ActiveCfg = Debug|Any CPU
		{CDF075BF-6EB8-4500-A975-6A14EAF0C923}.Debug|Any CPU.Build.0 = Debug|Any CPU
		{CDF075BF-6EB8-4500-A975-6A14EAF0C923}.Release|Any CPU.ActiveCfg = Release|Any CPU
		{CDF075BF-6EB8-4500-A975-6A14EAF0C923}.Release|Any CPU.Build.0 = Release|Any CPU
		{93A4BA72-F967-489A-B6BA-F7201E4C1F7F}.Debug|Any CPU.ActiveCfg = Debug|Any CPU
		{93A4BA72-F967-489A-B6BA-F7201E4C1F7F}.Debug|Any CPU.Build.0 = Debug|Any CPU
		{93A4BA72-F967-489A-B6BA-F7201E4C1F7F}.Release|Any CPU.ActiveCfg = Release|Any CPU
		{93A4BA72-F967-489A-B6BA-F7201E4C1F7F}.Release|Any CPU.Build.0 = Release|Any CPU
		{418902DF-BC6F-4CC5-9C79-D553D74D9EF8}.Debug|Any CPU.ActiveCfg = Debug|Any CPU
		{418902DF-BC6F-4CC5-9C79-D553D74D9EF8}.Debug|Any CPU.Build.0 = Debug|Any CPU
		{418902DF-BC6F-4CC5-9C79-D553D74D9EF8}.Release|Any CPU.ActiveCfg = Release|Any CPU
		{418902DF-BC6F-4CC5-9C79-D553D74D9EF8}.Release|Any CPU.Build.0 = Release|Any CPU
		{2DE7DA58-CEE2-4BE1-831D-463DC3CD0F06}.Debug|Any CPU.ActiveCfg = Debug|Any CPU
		{2DE7DA58-CEE2-4BE1-831D-463DC3CD0F06}.Debug|Any CPU.Build.0 = Debug|Any CPU
		{2DE7DA58-CEE2-4BE1-831D-463DC3CD0F06}.Release|Any CPU.ActiveCfg = Release|Any CPU
		{2DE7DA58-CEE2-4BE1-831D-463DC3CD0F06}.Release|Any CPU.Build.0 = Release|Any CPU
		{8C866223-0396-4E69-8595-71330C7CD6EA}.Debug|Any CPU.ActiveCfg = Debug|Any CPU
		{8C866223-0396-4E69-8595-71330C7CD6EA}.Debug|Any CPU.Build.0 = Debug|Any CPU
		{8C866223-0396-4E69-8595-71330C7CD6EA}.Release|Any CPU.ActiveCfg = Release|Any CPU
		{8C866223-0396-4E69-8595-71330C7CD6EA}.Release|Any CPU.Build.0 = Release|Any CPU
		{6746519E-7B1D-4AA3-8637-3BB8B038AD8A}.Debug|Any CPU.ActiveCfg = Debug|Any CPU
		{6746519E-7B1D-4AA3-8637-3BB8B038AD8A}.Debug|Any CPU.Build.0 = Debug|Any CPU
		{6746519E-7B1D-4AA3-8637-3BB8B038AD8A}.Release|Any CPU.ActiveCfg = Release|Any CPU
		{6746519E-7B1D-4AA3-8637-3BB8B038AD8A}.Release|Any CPU.Build.0 = Release|Any CPU
		{0D621DBC-28D7-4465-B713-A605494CA96B}.Debug|Any CPU.ActiveCfg = Debug|Any CPU
		{0D621DBC-28D7-4465-B713-A605494CA96B}.Debug|Any CPU.Build.0 = Debug|Any CPU
		{0D621DBC-28D7-4465-B713-A605494CA96B}.Release|Any CPU.ActiveCfg = Release|Any CPU
		{0D621DBC-28D7-4465-B713-A605494CA96B}.Release|Any CPU.Build.0 = Release|Any CPU
	EndGlobalSection
	GlobalSection(SolutionProperties) = preSolution
		HideSolutionNode = FALSE
	EndGlobalSection
	GlobalSection(ExtensibilityGlobals) = postSolution
		SolutionGuid = {BC333659-339D-4E4B-9C7D-B0CD04BC32EB}
	EndGlobalSection
EndGlobal
